// !$*UTF8*$!
{
	archiveVersion = 1;
	classes = {
	};
	objectVersion = 50;
	objects = {

/* Begin PBXBuildFile section */
		004A8E8023EF6D10007E81EF /* clock.swift in Sources */ = {isa = PBXBuildFile; fileRef = 004A8E7F23EF6D10007E81EF /* clock.swift */; };
		004A8E8223EF7C02007E81EF /* Timer.swift in Sources */ = {isa = PBXBuildFile; fileRef = 004A8E8123EF7C02007E81EF /* Timer.swift */; };
		00BED5F023EE82BE00440FC9 /* AppDelegate.swift in Sources */ = {isa = PBXBuildFile; fileRef = 00BED5EF23EE82BE00440FC9 /* AppDelegate.swift */; };
		00BED5F223EE82BE00440FC9 /* SceneDelegate.swift in Sources */ = {isa = PBXBuildFile; fileRef = 00BED5F123EE82BE00440FC9 /* SceneDelegate.swift */; };
		00BED5F423EE82BE00440FC9 /* Stopwatch.swift in Sources */ = {isa = PBXBuildFile; fileRef = 00BED5F323EE82BE00440FC9 /* Stopwatch.swift */; };
		00BED5F623EE82BE00440FC9 /* ClockMain.swift in Sources */ = {isa = PBXBuildFile; fileRef = 00BED5F523EE82BE00440FC9 /* ClockMain.swift */; };
		00BED5F923EE82BE00440FC9 /* Main.storyboard in Resources */ = {isa = PBXBuildFile; fileRef = 00BED5F723EE82BE00440FC9 /* Main.storyboard */; };
		00BED5FB23EE82BF00440FC9 /* Assets.xcassets in Resources */ = {isa = PBXBuildFile; fileRef = 00BED5FA23EE82BF00440FC9 /* Assets.xcassets */; };
		00BED5FE23EE82BF00440FC9 /* LaunchScreen.storyboard in Resources */ = {isa = PBXBuildFile; fileRef = 00BED5FC23EE82BF00440FC9 /* LaunchScreen.storyboard */; };
		5DB9551323F25B8E004FC431 /* alarm1.mp3 in Resources */ = {isa = PBXBuildFile; fileRef = 5DB9551223F25B8E004FC431 /* alarm1.mp3 */; };
		5DB9551523F25BD2004FC431 /* Settings.bundle in Resources */ = {isa = PBXBuildFile; fileRef = 5DB9551423F25BD2004FC431 /* Settings.bundle */; };
/* End PBXBuildFile section */

/* Begin PBXFileReference section */
		004A8E7F23EF6D10007E81EF /* clock.swift */ = {isa = PBXFileReference; lastKnownFileType = sourcecode.swift; path = clock.swift; sourceTree = "<group>"; };
		004A8E8123EF7C02007E81EF /* Timer.swift */ = {isa = PBXFileReference; lastKnownFileType = sourcecode.swift; path = Timer.swift; sourceTree = "<group>"; };
		00BED5EC23EE82BE00440FC9 /* Timemark.app */ = {isa = PBXFileReference; explicitFileType = wrapper.application; includeInIndex = 0; path = Timemark.app; sourceTree = BUILT_PRODUCTS_DIR; };
		00BED5EF23EE82BE00440FC9 /* AppDelegate.swift */ = {isa = PBXFileReference; lastKnownFileType = sourcecode.swift; path = AppDelegate.swift; sourceTree = "<group>"; };
		00BED5F123EE82BE00440FC9 /* SceneDelegate.swift */ = {isa = PBXFileReference; lastKnownFileType = sourcecode.swift; path = SceneDelegate.swift; sourceTree = "<group>"; };
		00BED5F323EE82BE00440FC9 /* Stopwatch.swift */ = {isa = PBXFileReference; lastKnownFileType = sourcecode.swift; path = Stopwatch.swift; sourceTree = "<group>"; };
		00BED5F523EE82BE00440FC9 /* ClockMain.swift */ = {isa = PBXFileReference; lastKnownFileType = sourcecode.swift; path = ClockMain.swift; sourceTree = "<group>"; };
		00BED5F823EE82BE00440FC9 /* Base */ = {isa = PBXFileReference; lastKnownFileType = file.storyboard; name = Base; path = Base.lproj/Main.storyboard; sourceTree = "<group>"; };
		00BED5FA23EE82BF00440FC9 /* Assets.xcassets */ = {isa = PBXFileReference; lastKnownFileType = folder.assetcatalog; path = Assets.xcassets; sourceTree = "<group>"; };
		00BED5FD23EE82BF00440FC9 /* Base */ = {isa = PBXFileReference; lastKnownFileType = file.storyboard; name = Base; path = Base.lproj/LaunchScreen.storyboard; sourceTree = "<group>"; };
		00BED5FF23EE82BF00440FC9 /* Info.plist */ = {isa = PBXFileReference; lastKnownFileType = text.plist.xml; path = Info.plist; sourceTree = "<group>"; };
		00BED60523EE990F00440FC9 /* Timemark.entitlements */ = {isa = PBXFileReference; lastKnownFileType = text.plist.entitlements; path = Timemark.entitlements; sourceTree = "<group>"; };
		5DB9551223F25B8E004FC431 /* alarm1.mp3 */ = {isa = PBXFileReference; lastKnownFileType = audio.mp3; path = alarm1.mp3; sourceTree = "<group>"; };
		5DB9551423F25BD2004FC431 /* Settings.bundle */ = {isa = PBXFileReference; lastKnownFileType = "wrapper.plug-in"; path = Settings.bundle; sourceTree = "<group>"; };
/* End PBXFileReference section */

/* Begin PBXFrameworksBuildPhase section */
		00BED5E923EE82BE00440FC9 /* Frameworks */ = {
			isa = PBXFrameworksBuildPhase;
			buildActionMask = 2147483647;
			files = (
			);
			runOnlyForDeploymentPostprocessing = 0;
		};
/* End PBXFrameworksBuildPhase section */

/* Begin PBXGroup section */
		00BED5E323EE82BE00440FC9 = {
			isa = PBXGroup;
			children = (
				5DB9551423F25BD2004FC431 /* Settings.bundle */,
				00BED5EE23EE82BE00440FC9 /* Timemark */,
				00BED5ED23EE82BE00440FC9 /* Products */,
			);
			sourceTree = "<group>";
		};
		00BED5ED23EE82BE00440FC9 /* Products */ = {
			isa = PBXGroup;
			children = (
				00BED5EC23EE82BE00440FC9 /* Timemark.app */,
			);
			name = Products;
			sourceTree = "<group>";
		};
		00BED5EE23EE82BE00440FC9 /* Timemark */ = {
			isa = PBXGroup;
			children = (
				00BED60523EE990F00440FC9 /* Timemark.entitlements */,
				00BED5EF23EE82BE00440FC9 /* AppDelegate.swift */,
				00BED5F123EE82BE00440FC9 /* SceneDelegate.swift */,
				00BED5F323EE82BE00440FC9 /* Stopwatch.swift */,
				004A8E8123EF7C02007E81EF /* Timer.swift */,
				00BED5F523EE82BE00440FC9 /* ClockMain.swift */,
				004A8E7F23EF6D10007E81EF /* clock.swift */,
				00BED5F723EE82BE00440FC9 /* Main.storyboard */,
				00BED5FA23EE82BF00440FC9 /* Assets.xcassets */,
				00BED5FC23EE82BF00440FC9 /* LaunchScreen.storyboard */,
				00BED5FF23EE82BF00440FC9 /* Info.plist */,
				5DB9551223F25B8E004FC431 /* alarm1.mp3 */,
			);
			path = Timemark;
			sourceTree = "<group>";
		};
/* End PBXGroup section */

/* Begin PBXNativeTarget section */
		00BED5EB23EE82BE00440FC9 /* Timemark */ = {
			isa = PBXNativeTarget;
			buildConfigurationList = 00BED60223EE82BF00440FC9 /* Build configuration list for PBXNativeTarget "Timemark" */;
			buildPhases = (
				00BED5E823EE82BE00440FC9 /* Sources */,
				00BED5E923EE82BE00440FC9 /* Frameworks */,
				00BED5EA23EE82BE00440FC9 /* Resources */,
			);
			buildRules = (
			);
			dependencies = (
			);
			name = Timemark;
			productName = Timemark;
			productReference = 00BED5EC23EE82BE00440FC9 /* Timemark.app */;
			productType = "com.apple.product-type.application";
		};
/* End PBXNativeTarget section */

/* Begin PBXProject section */
		00BED5E423EE82BE00440FC9 /* Project object */ = {
			isa = PBXProject;
			attributes = {
				LastSwiftUpdateCheck = 1130;
				LastUpgradeCheck = 1130;
				ORGANIZATIONNAME = "Zeqe Golomb";
				TargetAttributes = {
					00BED5EB23EE82BE00440FC9 = {
						CreatedOnToolsVersion = 11.3.1;
					};
				};
			};
			buildConfigurationList = 00BED5E723EE82BE00440FC9 /* Build configuration list for PBXProject "Timemark" */;
			compatibilityVersion = "Xcode 9.3";
			developmentRegion = en;
			hasScannedForEncodings = 0;
			knownRegions = (
				en,
				Base,
			);
			mainGroup = 00BED5E323EE82BE00440FC9;
			productRefGroup = 00BED5ED23EE82BE00440FC9 /* Products */;
			projectDirPath = "";
			projectRoot = "";
			targets = (
				00BED5EB23EE82BE00440FC9 /* Timemark */,
			);
		};
/* End PBXProject section */

/* Begin PBXResourcesBuildPhase section */
		00BED5EA23EE82BE00440FC9 /* Resources */ = {
			isa = PBXResourcesBuildPhase;
			buildActionMask = 2147483647;
			files = (
				00BED5FE23EE82BF00440FC9 /* LaunchScreen.storyboard in Resources */,
				00BED5FB23EE82BF00440FC9 /* Assets.xcassets in Resources */,
				5DB9551523F25BD2004FC431 /* Settings.bundle in Resources */,
				5DB9551323F25B8E004FC431 /* alarm1.mp3 in Resources */,
				00BED5F923EE82BE00440FC9 /* Main.storyboard in Resources */,
			);
			runOnlyForDeploymentPostprocessing = 0;
		};
/* End PBXResourcesBuildPhase section */

/* Begin PBXSourcesBuildPhase section */
		00BED5E823EE82BE00440FC9 /* Sources */ = {
			isa = PBXSourcesBuildPhase;
			buildActionMask = 2147483647;
			files = (
				004A8E8023EF6D10007E81EF /* clock.swift in Sources */,
				00BED5F623EE82BE00440FC9 /* ClockMain.swift in Sources */,
				00BED5F423EE82BE00440FC9 /* Stopwatch.swift in Sources */,
				004A8E8223EF7C02007E81EF /* Timer.swift in Sources */,
				00BED5F023EE82BE00440FC9 /* AppDelegate.swift in Sources */,
				00BED5F223EE82BE00440FC9 /* SceneDelegate.swift in Sources */,
			);
			runOnlyForDeploymentPostprocessing = 0;
		};
/* End PBXSourcesBuildPhase section */

/* Begin PBXVariantGroup section */
		00BED5F723EE82BE00440FC9 /* Main.storyboard */ = {
			isa = PBXVariantGroup;
			children = (
				00BED5F823EE82BE00440FC9 /* Base */,
			);
			name = Main.storyboard;
			sourceTree = "<group>";
		};
		00BED5FC23EE82BF00440FC9 /* LaunchScreen.storyboard */ = {
			isa = PBXVariantGroup;
			children = (
				00BED5FD23EE82BF00440FC9 /* Base */,
			);
			name = LaunchScreen.storyboard;
			sourceTree = "<group>";
		};
/* End PBXVariantGroup section */

/* Begin XCBuildConfiguration section */
		00BED60023EE82BF00440FC9 /* Debug */ = {
			isa = XCBuildConfiguration;
			buildSettings = {
				ALWAYS_SEARCH_USER_PATHS = NO;
				CLANG_ANALYZER_NONNULL = YES;
				CLANG_ANALYZER_NUMBER_OBJECT_CONVERSION = YES_AGGRESSIVE;
				CLANG_CXX_LANGUAGE_STANDARD = "gnu++14";
				CLANG_CXX_LIBRARY = "libc++";
				CLANG_ENABLE_MODULES = YES;
				CLANG_ENABLE_OBJC_ARC = YES;
				CLANG_ENABLE_OBJC_WEAK = YES;
				CLANG_WARN_BLOCK_CAPTURE_AUTORELEASING = YES;
				CLANG_WARN_BOOL_CONVERSION = YES;
				CLANG_WARN_COMMA = YES;
				CLANG_WARN_CONSTANT_CONVERSION = YES;
				CLANG_WARN_DEPRECATED_OBJC_IMPLEMENTATIONS = YES;
				CLANG_WARN_DIRECT_OBJC_ISA_USAGE = YES_ERROR;
				CLANG_WARN_DOCUMENTATION_COMMENTS = YES;
				CLANG_WARN_EMPTY_BODY = YES;
				CLANG_WARN_ENUM_CONVERSION = YES;
				CLANG_WARN_INFINITE_RECURSION = YES;
				CLANG_WARN_INT_CONVERSION = YES;
				CLANG_WARN_NON_LITERAL_NULL_CONVERSION = YES;
				CLANG_WARN_OBJC_IMPLICIT_RETAIN_SELF = YES;
				CLANG_WARN_OBJC_LITERAL_CONVERSION = YES;
				CLANG_WARN_OBJC_ROOT_CLASS = YES_ERROR;
				CLANG_WARN_RANGE_LOOP_ANALYSIS = YES;
				CLANG_WARN_STRICT_PROTOTYPES = YES;
				CLANG_WARN_SUSPICIOUS_MOVE = YES;
				CLANG_WARN_UNGUARDED_AVAILABILITY = YES_AGGRESSIVE;
				CLANG_WARN_UNREACHABLE_CODE = YES;
				CLANG_WARN__DUPLICATE_METHOD_MATCH = YES;
				COPY_PHASE_STRIP = NO;
				DEBUG_INFORMATION_FORMAT = dwarf;
				ENABLE_STRICT_OBJC_MSGSEND = YES;
				ENABLE_TESTABILITY = YES;
				GCC_C_LANGUAGE_STANDARD = gnu11;
				GCC_DYNAMIC_NO_PIC = NO;
				GCC_NO_COMMON_BLOCKS = YES;
				GCC_OPTIMIZATION_LEVEL = 0;
				GCC_PREPROCESSOR_DEFINITIONS = (
					"DEBUG=1",
					"$(inherited)",
				);
				GCC_WARN_64_TO_32_BIT_CONVERSION = YES;
				GCC_WARN_ABOUT_RETURN_TYPE = YES_ERROR;
				GCC_WARN_UNDECLARED_SELECTOR = YES;
				GCC_WARN_UNINITIALIZED_AUTOS = YES_AGGRESSIVE;
				GCC_WARN_UNUSED_FUNCTION = YES;
				GCC_WARN_UNUSED_VARIABLE = YES;
				IPHONEOS_DEPLOYMENT_TARGET = 13.0;
				MTL_ENABLE_DEBUG_INFO = INCLUDE_SOURCE;
				MTL_FAST_MATH = YES;
				ONLY_ACTIVE_ARCH = YES;
				SDKROOT = iphoneos;
				SWIFT_ACTIVE_COMPILATION_CONDITIONS = DEBUG;
				SWIFT_OPTIMIZATION_LEVEL = "-Onone";
			};
			name = Debug;
		};
		00BED60123EE82BF00440FC9 /* Release */ = {
			isa = XCBuildConfiguration;
			buildSettings = {
				ALWAYS_SEARCH_USER_PATHS = NO;
				CLANG_ANALYZER_NONNULL = YES;
				CLANG_ANALYZER_NUMBER_OBJECT_CONVERSION = YES_AGGRESSIVE;
				CLANG_CXX_LANGUAGE_STANDARD = "gnu++14";
				CLANG_CXX_LIBRARY = "libc++";
				CLANG_ENABLE_MODULES = YES;
				CLANG_ENABLE_OBJC_ARC = YES;
				CLANG_ENABLE_OBJC_WEAK = YES;
				CLANG_WARN_BLOCK_CAPTURE_AUTORELEASING = YES;
				CLANG_WARN_BOOL_CONVERSION = YES;
				CLANG_WARN_COMMA = YES;
				CLANG_WARN_CONSTANT_CONVERSION = YES;
				CLANG_WARN_DEPRECATED_OBJC_IMPLEMENTATIONS = YES;
				CLANG_WARN_DIRECT_OBJC_ISA_USAGE = YES_ERROR;
				CLANG_WARN_DOCUMENTATION_COMMENTS = YES;
				CLANG_WARN_EMPTY_BODY = YES;
				CLANG_WARN_ENUM_CONVERSION = YES;
				CLANG_WARN_INFINITE_RECURSION = YES;
				CLANG_WARN_INT_CONVERSION = YES;
				CLANG_WARN_NON_LITERAL_NULL_CONVERSION = YES;
				CLANG_WARN_OBJC_IMPLICIT_RETAIN_SELF = YES;
				CLANG_WARN_OBJC_LITERAL_CONVERSION = YES;
				CLANG_WARN_OBJC_ROOT_CLASS = YES_ERROR;
				CLANG_WARN_RANGE_LOOP_ANALYSIS = YES;
				CLANG_WARN_STRICT_PROTOTYPES = YES;
				CLANG_WARN_SUSPICIOUS_MOVE = YES;
				CLANG_WARN_UNGUARDED_AVAILABILITY = YES_AGGRESSIVE;
				CLANG_WARN_UNREACHABLE_CODE = YES;
				CLANG_WARN__DUPLICATE_METHOD_MATCH = YES;
				COPY_PHASE_STRIP = NO;
				DEBUG_INFORMATION_FORMAT = "dwarf-with-dsym";
				ENABLE_NS_ASSERTIONS = NO;
				ENABLE_STRICT_OBJC_MSGSEND = YES;
				GCC_C_LANGUAGE_STANDARD = gnu11;
				GCC_NO_COMMON_BLOCKS = YES;
				GCC_WARN_64_TO_32_BIT_CONVERSION = YES;
				GCC_WARN_ABOUT_RETURN_TYPE = YES_ERROR;
				GCC_WARN_UNDECLARED_SELECTOR = YES;
				GCC_WARN_UNINITIALIZED_AUTOS = YES_AGGRESSIVE;
				GCC_WARN_UNUSED_FUNCTION = YES;
				GCC_WARN_UNUSED_VARIABLE = YES;
				IPHONEOS_DEPLOYMENT_TARGET = 13.0;
				MTL_ENABLE_DEBUG_INFO = NO;
				MTL_FAST_MATH = YES;
				SDKROOT = iphoneos;
				SWIFT_COMPILATION_MODE = wholemodule;
				SWIFT_OPTIMIZATION_LEVEL = "-O";
				VALIDATE_PRODUCT = YES;
			};
			name = Release;
		};
		00BED60323EE82BF00440FC9 /* Debug */ = {
			isa = XCBuildConfiguration;
			buildSettings = {
				ASSETCATALOG_COMPILER_APPICON_NAME = AppIcon;
				CODE_SIGN_ENTITLEMENTS = Timemark/Timemark.entitlements;
				CODE_SIGN_STYLE = Automatic;
				DEVELOPMENT_TEAM = CQ7CSQ6XS5;
				INFOPLIST_FILE = Timemark/Info.plist;
				LD_RUNPATH_SEARCH_PATHS = (
					"$(inherited)",
					"@executable_path/Frameworks",
				);
				MARKETING_VERSION = 1.1;
				PRODUCT_BUNDLE_IDENTIFIER = com.themorningcompany.timemark;
				PRODUCT_NAME = "$(TARGET_NAME)";
				SUPPORTS_MACCATALYST = NO;
				SWIFT_VERSION = 5.0;
				TARGETED_DEVICE_FAMILY = "1,2";
			};
			name = Debug;
		};
		00BED60423EE82BF00440FC9 /* Release */ = {
			isa = XCBuildConfiguration;
			buildSettings = {
				ASSETCATALOG_COMPILER_APPICON_NAME = AppIcon;
				CODE_SIGN_ENTITLEMENTS = Timemark/Timemark.entitlements;
				CODE_SIGN_STYLE = Automatic;
				DEVELOPMENT_TEAM = CQ7CSQ6XS5;
				INFOPLIST_FILE = Timemark/Info.plist;
				LD_RUNPATH_SEARCH_PATHS = (
					"$(inherited)",
					"@executable_path/Frameworks",
				);
				MARKETING_VERSION = 1.1;
				PRODUCT_BUNDLE_IDENTIFIER = com.themorningcompany.timemark;
				PRODUCT_NAME = "$(TARGET_NAME)";
				SUPPORTS_MACCATALYST = NO;
				SWIFT_VERSION = 5.0;
				TARGETED_DEVICE_FAMILY = "1,2";
			};
			name = Release;
		};
/* End XCBuildConfiguration section */

/* Begin XCConfigurationList section */
		00BED5E723EE82BE00440FC9 /* Build configuration list for PBXProject "Timemark" */ = {
			isa = XCConfigurationList;
			buildConfigurations = (
				00BED60023EE82BF00440FC9 /* Debug */,
				00BED60123EE82BF00440FC9 /* Release */,
			);
			defaultConfigurationIsVisible = 0;
			defaultConfigurationName = Release;
		};
		00BED60223EE82BF00440FC9 /* Build configuration list for PBXNativeTarget "Timemark" */ = {
			isa = XCConfigurationList;
			buildConfigurations = (
				00BED60323EE82BF00440FC9 /* Debug */,
				00BED60423EE82BF00440FC9 /* Release */,
			);
			defaultConfigurationIsVisible = 0;
			defaultConfigurationName = Release;
		};
/* End XCConfigurationList section */
	};
	rootObject = 00BED5E423EE82BE00440FC9 /* Project object */;
}
