// !$*UTF8*$!
{
	archiveVersion = 1;
	classes = {
	};
	objectVersion = 50;
	objects = {

/* Begin PBXBuildFile section */
		000620CB2434494F009A0170 /* AlarmPickerViewController.swift in Sources */ = {isa = PBXBuildFile; fileRef = 000620CA2434494F009A0170 /* AlarmPickerViewController.swift */; };
		000CBBDC25AE76E6005F3248 /* AppIconPickerImageView.swift in Sources */ = {isa = PBXBuildFile; fileRef = 000CBBDB25AE76E6005F3248 /* AppIconPickerImageView.swift */; };
		000D80292427F684005E0CA1 /* AppIconsViewController.swift in Sources */ = {isa = PBXBuildFile; fileRef = 000D80282427F684005E0CA1 /* AppIconsViewController.swift */; };
		0036712625AF7E5400782C0C /* SoundIconPickerView.swift in Sources */ = {isa = PBXBuildFile; fileRef = 0036712525AF7E5400782C0C /* SoundIconPickerView.swift */; };
		0036712925AF801C00782C0C /* ContactViewController.swift in Sources */ = {isa = PBXBuildFile; fileRef = 0036712825AF801C00782C0C /* ContactViewController.swift */; };
		004A8E8023EF6D10007E81EF /* clock.swift in Sources */ = {isa = PBXBuildFile; fileRef = 004A8E7F23EF6D10007E81EF /* clock.swift */; };
		004A8E8223EF7C02007E81EF /* Timer.swift in Sources */ = {isa = PBXBuildFile; fileRef = 004A8E8123EF7C02007E81EF /* Timer.swift */; };
		004BD72623F4C82D0058A5F2 /* metronome.mp3 in Resources */ = {isa = PBXBuildFile; fileRef = 004BD72523F4C82D0058A5F2 /* metronome.mp3 */; };
		008E3B432574A6060093FBC2 /* GradientTitleBar.swift in Sources */ = {isa = PBXBuildFile; fileRef = 008E3B422574A6060093FBC2 /* GradientTitleBar.swift */; };
		008E3B462574A8E10093FBC2 /* TitleBarViewController.swift in Sources */ = {isa = PBXBuildFile; fileRef = 008E3B452574A8E10093FBC2 /* TitleBarViewController.swift */; };
		008E3B4F2574AF6B0093FBC2 /* CellBGView.swift in Sources */ = {isa = PBXBuildFile; fileRef = 008E3B4E2574AF6B0093FBC2 /* CellBGView.swift */; };
		008EB5C924A1D6D600F8D7E8 /* ClockFaceViewController.swift in Sources */ = {isa = PBXBuildFile; fileRef = 008EB5C824A1D6D600F8D7E8 /* ClockFaceViewController.swift */; };
		0094E5D923F51431000470AC /* dark@2x.png in Resources */ = {isa = PBXBuildFile; fileRef = 0094E5D423F51431000470AC /* dark@2x.png */; };
		0094E5DA23F51431000470AC /* purple@2x.png in Resources */ = {isa = PBXBuildFile; fileRef = 0094E5D523F51431000470AC /* purple@2x.png */; };
		0094E5DB23F51431000470AC /* glyph@2x.png in Resources */ = {isa = PBXBuildFile; fileRef = 0094E5D623F51431000470AC /* glyph@2x.png */; };
		0094E5DC23F51431000470AC /* shadow@2x.png in Resources */ = {isa = PBXBuildFile; fileRef = 0094E5D723F51431000470AC /* shadow@2x.png */; };
		0094E5DD23F51431000470AC /* fade@2x.png in Resources */ = {isa = PBXBuildFile; fileRef = 0094E5D823F51431000470AC /* fade@2x.png */; };
		00BED5F023EE82BE00440FC9 /* AppDelegate.swift in Sources */ = {isa = PBXBuildFile; fileRef = 00BED5EF23EE82BE00440FC9 /* AppDelegate.swift */; };
		00BED5F223EE82BE00440FC9 /* SceneDelegate.swift in Sources */ = {isa = PBXBuildFile; fileRef = 00BED5F123EE82BE00440FC9 /* SceneDelegate.swift */; };
		00BED5F423EE82BE00440FC9 /* Stopwatch.swift in Sources */ = {isa = PBXBuildFile; fileRef = 00BED5F323EE82BE00440FC9 /* Stopwatch.swift */; };
		00BED5F623EE82BE00440FC9 /* ClockMain.swift in Sources */ = {isa = PBXBuildFile; fileRef = 00BED5F523EE82BE00440FC9 /* ClockMain.swift */; };
		00BED5F923EE82BE00440FC9 /* Main.storyboard in Resources */ = {isa = PBXBuildFile; fileRef = 00BED5F723EE82BE00440FC9 /* Main.storyboard */; };
		00BED5FB23EE82BF00440FC9 /* Assets.xcassets in Resources */ = {isa = PBXBuildFile; fileRef = 00BED5FA23EE82BF00440FC9 /* Assets.xcassets */; };
		00BED5FE23EE82BF00440FC9 /* LaunchScreen.storyboard in Resources */ = {isa = PBXBuildFile; fileRef = 00BED5FC23EE82BF00440FC9 /* LaunchScreen.storyboard */; };
		00F0824E249FF62800159860 /* layered.mp3 in Resources */ = {isa = PBXBuildFile; fileRef = 00F0824D249FF62800159860 /* layered.mp3 */; };
		00F898BE23F269D7005993CB /* soft.mp3 in Resources */ = {isa = PBXBuildFile; fileRef = 00F898BD23F269D7005993CB /* soft.mp3 */; };
		5D791A4F23F48DA300C406A6 /* MetronomeViewController.swift in Sources */ = {isa = PBXBuildFile; fileRef = 5D791A4E23F48DA300C406A6 /* MetronomeViewController.swift */; };
		5D791A5723F4F8FA00C406A6 /* wood_metro.mp3 in Resources */ = {isa = PBXBuildFile; fileRef = 5D791A5623F4F8FA00C406A6 /* wood_metro.mp3 */; };
		5D791A5B23F5E56500C406A6 /* OptionsViewController.swift in Sources */ = {isa = PBXBuildFile; fileRef = 5D791A5A23F5E56500C406A6 /* OptionsViewController.swift */; };
		5D791A5D23F5E66700C406A6 /* Functions.swift in Sources */ = {isa = PBXBuildFile; fileRef = 5D791A5C23F5E66700C406A6 /* Functions.swift */; };
		5DB9551523F25BD2004FC431 /* Settings.bundle in Resources */ = {isa = PBXBuildFile; fileRef = 5DB9551423F25BD2004FC431 /* Settings.bundle */; };
		5DB9551A23F26224004FC431 /* orchestral.mp3 in Resources */ = {isa = PBXBuildFile; fileRef = 5DB9551723F26223004FC431 /* orchestral.mp3 */; };
		5DB9551C23F26224004FC431 /* slowmotion.mp3 in Resources */ = {isa = PBXBuildFile; fileRef = 5DB9551923F26224004FC431 /* slowmotion.mp3 */; };
		5DC3DCCC24E4BB7800EC4F54 /* LocalNotificationManager.swift in Sources */ = {isa = PBXBuildFile; fileRef = 5DC3DCCB24E4BB7800EC4F54 /* LocalNotificationManager.swift */; };
/* End PBXBuildFile section */

/* Begin PBXFileReference section */
		000620CA2434494F009A0170 /* AlarmPickerViewController.swift */ = {isa = PBXFileReference; lastKnownFileType = sourcecode.swift; path = AlarmPickerViewController.swift; sourceTree = "<group>"; };
		000CBBDB25AE76E6005F3248 /* AppIconPickerImageView.swift */ = {isa = PBXFileReference; lastKnownFileType = sourcecode.swift; path = AppIconPickerImageView.swift; sourceTree = "<group>"; };
		000D80282427F684005E0CA1 /* AppIconsViewController.swift */ = {isa = PBXFileReference; lastKnownFileType = sourcecode.swift; path = AppIconsViewController.swift; sourceTree = "<group>"; };
		0036712525AF7E5400782C0C /* SoundIconPickerView.swift */ = {isa = PBXFileReference; lastKnownFileType = sourcecode.swift; path = SoundIconPickerView.swift; sourceTree = "<group>"; };
		0036712825AF801C00782C0C /* ContactViewController.swift */ = {isa = PBXFileReference; fileEncoding = 4; lastKnownFileType = sourcecode.swift; path = ContactViewController.swift; sourceTree = "<group>"; };
		004A8E7F23EF6D10007E81EF /* clock.swift */ = {isa = PBXFileReference; lastKnownFileType = sourcecode.swift; path = clock.swift; sourceTree = "<group>"; };
		004A8E8123EF7C02007E81EF /* Timer.swift */ = {isa = PBXFileReference; lastKnownFileType = sourcecode.swift; path = Timer.swift; sourceTree = "<group>"; };
		004BD72523F4C82D0058A5F2 /* metronome.mp3 */ = {isa = PBXFileReference; lastKnownFileType = audio.mp3; name = metronome.mp3; path = Timemark/metronome.mp3; sourceTree = SOURCE_ROOT; };
		008E3B422574A6060093FBC2 /* GradientTitleBar.swift */ = {isa = PBXFileReference; fileEncoding = 4; lastKnownFileType = sourcecode.swift; path = GradientTitleBar.swift; sourceTree = "<group>"; };
		008E3B452574A8E10093FBC2 /* TitleBarViewController.swift */ = {isa = PBXFileReference; fileEncoding = 4; lastKnownFileType = sourcecode.swift; path = TitleBarViewController.swift; sourceTree = "<group>"; };
		008E3B4E2574AF6B0093FBC2 /* CellBGView.swift */ = {isa = PBXFileReference; lastKnownFileType = sourcecode.swift; path = CellBGView.swift; sourceTree = "<group>"; };
		008EB5C824A1D6D600F8D7E8 /* ClockFaceViewController.swift */ = {isa = PBXFileReference; lastKnownFileType = sourcecode.swift; path = ClockFaceViewController.swift; sourceTree = "<group>"; };
		0094E5D423F51431000470AC /* dark@2x.png */ = {isa = PBXFileReference; lastKnownFileType = image.png; path = "dark@2x.png"; sourceTree = "<group>"; };
		0094E5D523F51431000470AC /* purple@2x.png */ = {isa = PBXFileReference; lastKnownFileType = image.png; path = "purple@2x.png"; sourceTree = "<group>"; };
		0094E5D623F51431000470AC /* glyph@2x.png */ = {isa = PBXFileReference; lastKnownFileType = image.png; path = "glyph@2x.png"; sourceTree = "<group>"; };
		0094E5D723F51431000470AC /* shadow@2x.png */ = {isa = PBXFileReference; lastKnownFileType = image.png; path = "shadow@2x.png"; sourceTree = "<group>"; };
		0094E5D823F51431000470AC /* fade@2x.png */ = {isa = PBXFileReference; lastKnownFileType = image.png; path = "fade@2x.png"; sourceTree = "<group>"; };
		00BED5EC23EE82BE00440FC9 /* Timemark.app */ = {isa = PBXFileReference; explicitFileType = wrapper.application; includeInIndex = 0; path = Timemark.app; sourceTree = BUILT_PRODUCTS_DIR; };
		00BED5EF23EE82BE00440FC9 /* AppDelegate.swift */ = {isa = PBXFileReference; lastKnownFileType = sourcecode.swift; path = AppDelegate.swift; sourceTree = "<group>"; };
		00BED5F123EE82BE00440FC9 /* SceneDelegate.swift */ = {isa = PBXFileReference; lastKnownFileType = sourcecode.swift; path = SceneDelegate.swift; sourceTree = "<group>"; };
		00BED5F323EE82BE00440FC9 /* Stopwatch.swift */ = {isa = PBXFileReference; lastKnownFileType = sourcecode.swift; path = Stopwatch.swift; sourceTree = "<group>"; };
		00BED5F523EE82BE00440FC9 /* ClockMain.swift */ = {isa = PBXFileReference; lastKnownFileType = sourcecode.swift; path = ClockMain.swift; sourceTree = "<group>"; };
		00BED5F823EE82BE00440FC9 /* Base */ = {isa = PBXFileReference; lastKnownFileType = file.storyboard; name = Base; path = Base.lproj/Main.storyboard; sourceTree = "<group>"; };
		00BED5FA23EE82BF00440FC9 /* Assets.xcassets */ = {isa = PBXFileReference; lastKnownFileType = folder.assetcatalog; path = Assets.xcassets; sourceTree = "<group>"; };
		00BED5FD23EE82BF00440FC9 /* Base */ = {isa = PBXFileReference; lastKnownFileType = file.storyboard; name = Base; path = Base.lproj/LaunchScreen.storyboard; sourceTree = "<group>"; };
		00BED5FF23EE82BF00440FC9 /* Info.plist */ = {isa = PBXFileReference; lastKnownFileType = text.plist.xml; path = Info.plist; sourceTree = "<group>"; };
		00BED60523EE990F00440FC9 /* Timemark.entitlements */ = {isa = PBXFileReference; lastKnownFileType = text.plist.entitlements; path = Timemark.entitlements; sourceTree = "<group>"; };
		00F0824D249FF62800159860 /* layered.mp3 */ = {isa = PBXFileReference; lastKnownFileType = audio.mp3; path = layered.mp3; sourceTree = "<group>"; };
		00F898BD23F269D7005993CB /* soft.mp3 */ = {isa = PBXFileReference; lastKnownFileType = audio.mp3; path = soft.mp3; sourceTree = "<group>"; };
		5D791A4E23F48DA300C406A6 /* MetronomeViewController.swift */ = {isa = PBXFileReference; lastKnownFileType = sourcecode.swift; path = MetronomeViewController.swift; sourceTree = "<group>"; };
		5D791A5623F4F8FA00C406A6 /* wood_metro.mp3 */ = {isa = PBXFileReference; lastKnownFileType = audio.mp3; path = wood_metro.mp3; sourceTree = "<group>"; };
		5D791A5A23F5E56500C406A6 /* OptionsViewController.swift */ = {isa = PBXFileReference; lastKnownFileType = sourcecode.swift; path = OptionsViewController.swift; sourceTree = "<group>"; };
		5D791A5C23F5E66700C406A6 /* Functions.swift */ = {isa = PBXFileReference; lastKnownFileType = sourcecode.swift; path = Functions.swift; sourceTree = "<group>"; };
		5DB9551423F25BD2004FC431 /* Settings.bundle */ = {isa = PBXFileReference; lastKnownFileType = "wrapper.plug-in"; path = Settings.bundle; sourceTree = "<group>"; };
		5DB9551723F26223004FC431 /* orchestral.mp3 */ = {isa = PBXFileReference; lastKnownFileType = audio.mp3; path = orchestral.mp3; sourceTree = "<group>"; };
		5DB9551923F26224004FC431 /* slowmotion.mp3 */ = {isa = PBXFileReference; lastKnownFileType = audio.mp3; path = slowmotion.mp3; sourceTree = "<group>"; };
		5DC3DCCB24E4BB7800EC4F54 /* LocalNotificationManager.swift */ = {isa = PBXFileReference; lastKnownFileType = sourcecode.swift; path = LocalNotificationManager.swift; sourceTree = "<group>"; };
/* End PBXFileReference section */

/* Begin PBXFrameworksBuildPhase section */
		00BED5E923EE82BE00440FC9 /* Frameworks */ = {
			isa = PBXFrameworksBuildPhase;
			buildActionMask = 2147483647;
			files = (
			);
			runOnlyForDeploymentPostprocessing = 0;
		};
/* End PBXFrameworksBuildPhase section */

/* Begin PBXGroup section */
		008E3B482574A8E60093FBC2 /* TitleBars */ = {
			isa = PBXGroup;
			children = (
				008E3B422574A6060093FBC2 /* GradientTitleBar.swift */,
				008E3B452574A8E10093FBC2 /* TitleBarViewController.swift */,
			);
			path = TitleBars;
			sourceTree = "<group>";
		};
		0094E5D323F51423000470AC /* AltIcons */ = {
			isa = PBXGroup;
			children = (
				0094E5D423F51431000470AC /* dark@2x.png */,
				0094E5D823F51431000470AC /* fade@2x.png */,
				0094E5D623F51431000470AC /* glyph@2x.png */,
				0094E5D523F51431000470AC /* purple@2x.png */,
				0094E5D723F51431000470AC /* shadow@2x.png */,
			);
			path = AltIcons;
			sourceTree = "<group>";
		};
		00BED5E323EE82BE00440FC9 = {
			isa = PBXGroup;
			children = (
				0036712525AF7E5400782C0C /* SoundIconPickerView.swift */,
				5DB9551423F25BD2004FC431 /* Settings.bundle */,
				00BED5EE23EE82BE00440FC9 /* Timemark */,
				00BED5ED23EE82BE00440FC9 /* Products */,
			);
			sourceTree = "<group>";
		};
		00BED5ED23EE82BE00440FC9 /* Products */ = {
			isa = PBXGroup;
			children = (
				00BED5EC23EE82BE00440FC9 /* Timemark.app */,
			);
			name = Products;
			sourceTree = "<group>";
		};
		00BED5EE23EE82BE00440FC9 /* Timemark */ = {
			isa = PBXGroup;
			children = (
				5DC3DCCA24E4BB6700EC4F54 /* util */,
				0094E5D323F51423000470AC /* AltIcons */,
				5DB9551623F261CE004FC431 /* Alarms */,
				00BED60523EE990F00440FC9 /* Timemark.entitlements */,
				00BED5EF23EE82BE00440FC9 /* AppDelegate.swift */,
				00BED5F123EE82BE00440FC9 /* SceneDelegate.swift */,
				008EB5C824A1D6D600F8D7E8 /* ClockFaceViewController.swift */,
				00BED5F323EE82BE00440FC9 /* Stopwatch.swift */,
				004A8E8123EF7C02007E81EF /* Timer.swift */,
				00BED5F523EE82BE00440FC9 /* ClockMain.swift */,
				004A8E7F23EF6D10007E81EF /* clock.swift */,
				00BED5F723EE82BE00440FC9 /* Main.storyboard */,
				000CBBDB25AE76E6005F3248 /* AppIconPickerImageView.swift */,
				008E3B4E2574AF6B0093FBC2 /* CellBGView.swift */,
				0036712825AF801C00782C0C /* ContactViewController.swift */,
				000620CA2434494F009A0170 /* AlarmPickerViewController.swift */,
				008E3B482574A8E60093FBC2 /* TitleBars */,
				5D791A5C23F5E66700C406A6 /* Functions.swift */,
				5D791A5A23F5E56500C406A6 /* OptionsViewController.swift */,
				000D80282427F684005E0CA1 /* AppIconsViewController.swift */,
				5D791A4E23F48DA300C406A6 /* MetronomeViewController.swift */,
				00BED5FA23EE82BF00440FC9 /* Assets.xcassets */,
				00BED5FC23EE82BF00440FC9 /* LaunchScreen.storyboard */,
				00BED5FF23EE82BF00440FC9 /* Info.plist */,
			);
			path = Timemark;
			sourceTree = "<group>";
		};
		5DB9551623F261CE004FC431 /* Alarms */ = {
			isa = PBXGroup;
			children = (
				004BD72523F4C82D0058A5F2 /* metronome.mp3 */,
				00F898BD23F269D7005993CB /* soft.mp3 */,
				5DB9551923F26224004FC431 /* slowmotion.mp3 */,
				5DB9551723F26223004FC431 /* orchestral.mp3 */,
				00F0824D249FF62800159860 /* layered.mp3 */,
				5D791A5623F4F8FA00C406A6 /* wood_metro.mp3 */,
			);
			path = Alarms;
			sourceTree = "<group>";
		};
		5DC3DCCA24E4BB6700EC4F54 /* util */ = {
			isa = PBXGroup;
			children = (
				5DC3DCCB24E4BB7800EC4F54 /* LocalNotificationManager.swift */,
			);
			path = util;
			sourceTree = "<group>";
		};
/* End PBXGroup section */

/* Begin PBXNativeTarget section */
		00BED5EB23EE82BE00440FC9 /* Timemark */ = {
			isa = PBXNativeTarget;
			buildConfigurationList = 00BED60223EE82BF00440FC9 /* Build configuration list for PBXNativeTarget "Timemark" */;
			buildPhases = (
				00BED5E823EE82BE00440FC9 /* Sources */,
				00BED5E923EE82BE00440FC9 /* Frameworks */,
				00BED5EA23EE82BE00440FC9 /* Resources */,
			);
			buildRules = (
			);
			dependencies = (
			);
			name = Timemark;
			productName = Timemark;
			productReference = 00BED5EC23EE82BE00440FC9 /* Timemark.app */;
			productType = "com.apple.product-type.application";
		};
/* End PBXNativeTarget section */

/* Begin PBXProject section */
		00BED5E423EE82BE00440FC9 /* Project object */ = {
			isa = PBXProject;
			attributes = {
				LastSwiftUpdateCheck = 1130;
				LastUpgradeCheck = 1130;
				ORGANIZATIONNAME = "Zeqe Golomb";
				TargetAttributes = {
					00BED5EB23EE82BE00440FC9 = {
						CreatedOnToolsVersion = 11.3.1;
					};
				};
			};
			buildConfigurationList = 00BED5E723EE82BE00440FC9 /* Build configuration list for PBXProject "Timemark" */;
			compatibilityVersion = "Xcode 9.3";
			developmentRegion = en;
			hasScannedForEncodings = 0;
			knownRegions = (
				en,
				Base,
			);
			mainGroup = 00BED5E323EE82BE00440FC9;
			productRefGroup = 00BED5ED23EE82BE00440FC9 /* Products */;
			projectDirPath = "";
			projectRoot = "";
			targets = (
				00BED5EB23EE82BE00440FC9 /* Timemark */,
			);
		};
/* End PBXProject section */

/* Begin PBXResourcesBuildPhase section */
		00BED5EA23EE82BE00440FC9 /* Resources */ = {
			isa = PBXResourcesBuildPhase;
			buildActionMask = 2147483647;
			files = (
				00BED5FE23EE82BF00440FC9 /* LaunchScreen.storyboard in Resources */,
				004BD72623F4C82D0058A5F2 /* metronome.mp3 in Resources */,
				00BED5FB23EE82BF00440FC9 /* Assets.xcassets in Resources */,
				5DB9551A23F26224004FC431 /* orchestral.mp3 in Resources */,
				0094E5DD23F51431000470AC /* fade@2x.png in Resources */,
				5D791A5723F4F8FA00C406A6 /* wood_metro.mp3 in Resources */,
				5DB9551523F25BD2004FC431 /* Settings.bundle in Resources */,
				0094E5DC23F51431000470AC /* shadow@2x.png in Resources */,
				0094E5D923F51431000470AC /* dark@2x.png in Resources */,
				00BED5F923EE82BE00440FC9 /* Main.storyboard in Resources */,
				00F0824E249FF62800159860 /* layered.mp3 in Resources */,
				00F898BE23F269D7005993CB /* soft.mp3 in Resources */,
				0094E5DB23F51431000470AC /* glyph@2x.png in Resources */,
				5DB9551C23F26224004FC431 /* slowmotion.mp3 in Resources */,
				0094E5DA23F51431000470AC /* purple@2x.png in Resources */,
			);
			runOnlyForDeploymentPostprocessing = 0;
		};
/* End PBXResourcesBuildPhase section */

/* Begin PBXSourcesBuildPhase section */
		00BED5E823EE82BE00440FC9 /* Sources */ = {
			isa = PBXSourcesBuildPhase;
			buildActionMask = 2147483647;
			files = (
				004A8E8023EF6D10007E81EF /* clock.swift in Sources */,
				000620CB2434494F009A0170 /* AlarmPickerViewController.swift in Sources */,
				0036712925AF801C00782C0C /* ContactViewController.swift in Sources */,
				008EB5C924A1D6D600F8D7E8 /* ClockFaceViewController.swift in Sources */,
				008E3B462574A8E10093FBC2 /* TitleBarViewController.swift in Sources */,
				5DC3DCCC24E4BB7800EC4F54 /* LocalNotificationManager.swift in Sources */,
				000D80292427F684005E0CA1 /* AppIconsViewController.swift in Sources */,
				5D791A5B23F5E56500C406A6 /* OptionsViewController.swift in Sources */,
				5D791A5D23F5E66700C406A6 /* Functions.swift in Sources */,
				00BED5F623EE82BE00440FC9 /* ClockMain.swift in Sources */,
				00BED5F423EE82BE00440FC9 /* Stopwatch.swift in Sources */,
				004A8E8223EF7C02007E81EF /* Timer.swift in Sources */,
				00BED5F023EE82BE00440FC9 /* AppDelegate.swift in Sources */,
				000CBBDC25AE76E6005F3248 /* AppIconPickerImageView.swift in Sources */,
				00BED5F223EE82BE00440FC9 /* SceneDelegate.swift in Sources */,
				008E3B432574A6060093FBC2 /* GradientTitleBar.swift in Sources */,
				0036712625AF7E5400782C0C /* SoundIconPickerView.swift in Sources */,
				5D791A4F23F48DA300C406A6 /* MetronomeViewController.swift in Sources */,
				008E3B4F2574AF6B0093FBC2 /* CellBGView.swift in Sources */,
			);
			runOnlyForDeploymentPostprocessing = 0;
		};
/* End PBXSourcesBuildPhase section */

/* Begin PBXVariantGroup section */
		00BED5F723EE82BE00440FC9 /* Main.storyboard */ = {
			isa = PBXVariantGroup;
			children = (
				00BED5F823EE82BE00440FC9 /* Base */,
			);
			name = Main.storyboard;
			sourceTree = "<group>";
		};
		00BED5FC23EE82BF00440FC9 /* LaunchScreen.storyboard */ = {
			isa = PBXVariantGroup;
			children = (
				00BED5FD23EE82BF00440FC9 /* Base */,
			);
			name = LaunchScreen.storyboard;
			sourceTree = "<group>";
		};
/* End PBXVariantGroup section */

/* Begin XCBuildConfiguration section */
		00BED60023EE82BF00440FC9 /* Debug */ = {
			isa = XCBuildConfiguration;
			buildSettings = {
				ALWAYS_SEARCH_USER_PATHS = NO;
				CLANG_ANALYZER_NONNULL = YES;
				CLANG_ANALYZER_NUMBER_OBJECT_CONVERSION = YES_AGGRESSIVE;
				CLANG_CXX_LANGUAGE_STANDARD = "gnu++14";
				CLANG_CXX_LIBRARY = "libc++";
				CLANG_ENABLE_MODULES = YES;
				CLANG_ENABLE_OBJC_ARC = YES;
				CLANG_ENABLE_OBJC_WEAK = YES;
				CLANG_WARN_BLOCK_CAPTURE_AUTORELEASING = YES;
				CLANG_WARN_BOOL_CONVERSION = YES;
				CLANG_WARN_COMMA = YES;
				CLANG_WARN_CONSTANT_CONVERSION = YES;
				CLANG_WARN_DEPRECATED_OBJC_IMPLEMENTATIONS = YES;
				CLANG_WARN_DIRECT_OBJC_ISA_USAGE = YES_ERROR;
				CLANG_WARN_DOCUMENTATION_COMMENTS = YES;
				CLANG_WARN_EMPTY_BODY = YES;
				CLANG_WARN_ENUM_CONVERSION = YES;
				CLANG_WARN_INFINITE_RECURSION = YES;
				CLANG_WARN_INT_CONVERSION = YES;
				CLANG_WARN_NON_LITERAL_NULL_CONVERSION = YES;
				CLANG_WARN_OBJC_IMPLICIT_RETAIN_SELF = YES;
				CLANG_WARN_OBJC_LITERAL_CONVERSION = YES;
				CLANG_WARN_OBJC_ROOT_CLASS = YES_ERROR;
				CLANG_WARN_RANGE_LOOP_ANALYSIS = YES;
				CLANG_WARN_STRICT_PROTOTYPES = YES;
				CLANG_WARN_SUSPICIOUS_MOVE = YES;
				CLANG_WARN_UNGUARDED_AVAILABILITY = YES_AGGRESSIVE;
				CLANG_WARN_UNREACHABLE_CODE = YES;
				CLANG_WARN__DUPLICATE_METHOD_MATCH = YES;
				COPY_PHASE_STRIP = NO;
				DEBUG_INFORMATION_FORMAT = dwarf;
				ENABLE_STRICT_OBJC_MSGSEND = YES;
				ENABLE_TESTABILITY = YES;
				GCC_C_LANGUAGE_STANDARD = gnu11;
				GCC_DYNAMIC_NO_PIC = NO;
				GCC_NO_COMMON_BLOCKS = YES;
				GCC_OPTIMIZATION_LEVEL = 0;
				GCC_PREPROCESSOR_DEFINITIONS = (
					"DEBUG=1",
					"$(inherited)",
				);
				GCC_WARN_64_TO_32_BIT_CONVERSION = YES;
				GCC_WARN_ABOUT_RETURN_TYPE = YES_ERROR;
				GCC_WARN_UNDECLARED_SELECTOR = YES;
				GCC_WARN_UNINITIALIZED_AUTOS = YES_AGGRESSIVE;
				GCC_WARN_UNUSED_FUNCTION = YES;
				GCC_WARN_UNUSED_VARIABLE = YES;
				IPHONEOS_DEPLOYMENT_TARGET = 13.0;
				MTL_ENABLE_DEBUG_INFO = INCLUDE_SOURCE;
				MTL_FAST_MATH = YES;
				ONLY_ACTIVE_ARCH = YES;
				SDKROOT = iphoneos;
				SWIFT_ACTIVE_COMPILATION_CONDITIONS = DEBUG;
				SWIFT_OPTIMIZATION_LEVEL = "-Onone";
			};
			name = Debug;
		};
		00BED60123EE82BF00440FC9 /* Release */ = {
			isa = XCBuildConfiguration;
			buildSettings = {
				ALWAYS_SEARCH_USER_PATHS = NO;
				CLANG_ANALYZER_NONNULL = YES;
				CLANG_ANALYZER_NUMBER_OBJECT_CONVERSION = YES_AGGRESSIVE;
				CLANG_CXX_LANGUAGE_STANDARD = "gnu++14";
				CLANG_CXX_LIBRARY = "libc++";
				CLANG_ENABLE_MODULES = YES;
				CLANG_ENABLE_OBJC_ARC = YES;
				CLANG_ENABLE_OBJC_WEAK = YES;
				CLANG_WARN_BLOCK_CAPTURE_AUTORELEASING = YES;
				CLANG_WARN_BOOL_CONVERSION = YES;
				CLANG_WARN_COMMA = YES;
				CLANG_WARN_CONSTANT_CONVERSION = YES;
				CLANG_WARN_DEPRECATED_OBJC_IMPLEMENTATIONS = YES;
				CLANG_WARN_DIRECT_OBJC_ISA_USAGE = YES_ERROR;
				CLANG_WARN_DOCUMENTATION_COMMENTS = YES;
				CLANG_WARN_EMPTY_BODY = YES;
				CLANG_WARN_ENUM_CONVERSION = YES;
				CLANG_WARN_INFINITE_RECURSION = YES;
				CLANG_WARN_INT_CONVERSION = YES;
				CLANG_WARN_NON_LITERAL_NULL_CONVERSION = YES;
				CLANG_WARN_OBJC_IMPLICIT_RETAIN_SELF = YES;
				CLANG_WARN_OBJC_LITERAL_CONVERSION = YES;
				CLANG_WARN_OBJC_ROOT_CLASS = YES_ERROR;
				CLANG_WARN_RANGE_LOOP_ANALYSIS = YES;
				CLANG_WARN_STRICT_PROTOTYPES = YES;
				CLANG_WARN_SUSPICIOUS_MOVE = YES;
				CLANG_WARN_UNGUARDED_AVAILABILITY = YES_AGGRESSIVE;
				CLANG_WARN_UNREACHABLE_CODE = YES;
				CLANG_WARN__DUPLICATE_METHOD_MATCH = YES;
				COPY_PHASE_STRIP = NO;
				DEBUG_INFORMATION_FORMAT = "dwarf-with-dsym";
				ENABLE_NS_ASSERTIONS = NO;
				ENABLE_STRICT_OBJC_MSGSEND = YES;
				GCC_C_LANGUAGE_STANDARD = gnu11;
				GCC_NO_COMMON_BLOCKS = YES;
				GCC_WARN_64_TO_32_BIT_CONVERSION = YES;
				GCC_WARN_ABOUT_RETURN_TYPE = YES_ERROR;
				GCC_WARN_UNDECLARED_SELECTOR = YES;
				GCC_WARN_UNINITIALIZED_AUTOS = YES_AGGRESSIVE;
				GCC_WARN_UNUSED_FUNCTION = YES;
				GCC_WARN_UNUSED_VARIABLE = YES;
				IPHONEOS_DEPLOYMENT_TARGET = 13.0;
				MTL_ENABLE_DEBUG_INFO = NO;
				MTL_FAST_MATH = YES;
				SDKROOT = iphoneos;
				SWIFT_COMPILATION_MODE = wholemodule;
				SWIFT_OPTIMIZATION_LEVEL = "-O";
				VALIDATE_PRODUCT = YES;
			};
			name = Release;
		};
		00BED60323EE82BF00440FC9 /* Debug */ = {
			isa = XCBuildConfiguration;
			buildSettings = {
				ASSETCATALOG_COMPILER_APPICON_NAME = AppIcon;
				CODE_SIGN_ENTITLEMENTS = Timemark/Timemark.entitlements;
				CODE_SIGN_STYLE = Automatic;
				DEVELOPMENT_TEAM = 3HNBGF82F9;
				INFOPLIST_FILE = Timemark/Info.plist;
				LD_RUNPATH_SEARCH_PATHS = (
					"$(inherited)",
					"@executable_path/Frameworks",
				);
				MARKETING_VERSION = 1.1;
				PRODUCT_BUNDLE_IDENTIFIER = com.themorningcompany.timemark;
				PRODUCT_NAME = "$(TARGET_NAME)";
				SUPPORTS_MACCATALYST = NO;
				SWIFT_VERSION = 5.0;
				TARGETED_DEVICE_FAMILY = "1,2";
			};
			name = Debug;
		};
		00BED60423EE82BF00440FC9 /* Release */ = {
			isa = XCBuildConfiguration;
			buildSettings = {
				ASSETCATALOG_COMPILER_APPICON_NAME = AppIcon;
				CODE_SIGN_ENTITLEMENTS = Timemark/Timemark.entitlements;
				CODE_SIGN_STYLE = Automatic;
				DEVELOPMENT_TEAM = 3HNBGF82F9;
				INFOPLIST_FILE = Timemark/Info.plist;
				LD_RUNPATH_SEARCH_PATHS = (
					"$(inherited)",
					"@executable_path/Frameworks",
				);
				MARKETING_VERSION = 1.1;
				PRODUCT_BUNDLE_IDENTIFIER = com.themorningcompany.timemark;
				PRODUCT_NAME = "$(TARGET_NAME)";
				SUPPORTS_MACCATALYST = NO;
				SWIFT_VERSION = 5.0;
				TARGETED_DEVICE_FAMILY = "1,2";
			};
			name = Release;
		};
/* End XCBuildConfiguration section */

/* Begin XCConfigurationList section */
		00BED5E723EE82BE00440FC9 /* Build configuration list for PBXProject "Timemark" */ = {
			isa = XCConfigurationList;
			buildConfigurations = (
				00BED60023EE82BF00440FC9 /* Debug */,
				00BED60123EE82BF00440FC9 /* Release */,
			);
			defaultConfigurationIsVisible = 0;
			defaultConfigurationName = Release;
		};
		00BED60223EE82BF00440FC9 /* Build configuration list for PBXNativeTarget "Timemark" */ = {
			isa = XCConfigurationList;
			buildConfigurations = (
				00BED60323EE82BF00440FC9 /* Debug */,
				00BED60423EE82BF00440FC9 /* Release */,
			);
			defaultConfigurationIsVisible = 0;
			defaultConfigurationName = Release;
		};
/* End XCConfigurationList section */
	};
	rootObject = 00BED5E423EE82BE00440FC9 /* Project object */;
}
